
Microsoft Visual Studio Solution File, Format Version 12.00
# Visual Studio Version 16
VisualStudioVersion = 16.0.31205.134
MinimumVisualStudioVersion = 10.0.40219.1
Project("{9A19103F-16F7-4668-BE54-9A1E7A4F7556}") = "Coodesh.Back.End.Challenge2021.CSharp.Api", "Api\Coodesh.Back.End.Challenge2021.CSharp.Api.csproj", "{366FD1B9-96D8-4540-A664-028C1A8EE8AF}"
EndProject
Project("{9A19103F-16F7-4668-BE54-9A1E7A4F7556}") = "Coodesh.Back.End.Challenge2021.CSharp.Entities", "Core\Coodesh.Back.End.Challenge2021.CSharp.Entities.csproj", "{6425F0BB-7845-47EB-81C1-E27E0BBF12BB}"
EndProject
Project("{9A19103F-16F7-4668-BE54-9A1E7A4F7556}") = "Coodesh.Back.End.Challenge2021.CSharp.Cron", "Cron\Coodesh.Back.End.Challenge2021.CSharp.Cron.csproj", "{DF692644-3A0F-4CEA-8C5A-E0FDFC411314}"
EndProject
Project("{9A19103F-16F7-4668-BE54-9A1E7A4F7556}") = "Coodesh.Back.End.Challenge2021.CSharp.Test", "Test\Coodesh.Back.End.Challenge2021.CSharp.Test.csproj", "{DB509BDA-9B25-4BBA-AE1C-2A8224CEBE8A}"
EndProject
Project("{2150E333-8FDC-42A3-9474-1A3956D46DE8}") = "5 - Entities", "5 - Entities", "{833F0608-7391-4D70-94AD-2E2AC8E1C1FF}"
EndProject
Project("{2150E333-8FDC-42A3-9474-1A3956D46DE8}") = "4 - Infrastructure", "4 - Infrastructure", "{53991B11-AC77-469F-8C63-33FAAACDB3DD}"
EndProject
Project("{9A19103F-16F7-4668-BE54-9A1E7A4F7556}") = "Coodesh.Back.End.Challenge2021.CSharp.Infrastructure", "Infrastructure\Coodesh.Back.End.Challenge2021.CSharp.Infrastructure.csproj", "{375752A2-FFFF-49DD-9402-37235740D111}"
EndProject
Project("{2150E333-8FDC-42A3-9474-1A3956D46DE8}") = "3 - Domain", "3 - Domain", "{7AE30795-4D08-4697-BA2B-5955D0757FFF}"
EndProject
Project("{9A19103F-16F7-4668-BE54-9A1E7A4F7556}") = "Coodesh.Back.End.Challenge2021.CSharp.Domain", "Domain\Coodesh.Back.End.Challenge2021.CSharp.Domain.csproj", "{3FEA10AC-A757-4308-B8F0-09F63050CC18}"
EndProject
Project("{2150E333-8FDC-42A3-9474-1A3956D46DE8}") = "2 - Application", "2 - Application", "{C87A0FCB-1737-4101-B36A-9253F4A10065}"
EndProject
Project("{9A19103F-16F7-4668-BE54-9A1E7A4F7556}") = "Coodesh.Back.End.Challenge2021.CSharp.Application", "Application\Coodesh.Back.End.Challenge2021.CSharp.Application.csproj", "{B93D5CB8-DB49-46E7-8215-018F6C9AD567}"
EndProject
Project("{2150E333-8FDC-42A3-9474-1A3956D46DE8}") = "1 - Api", "1 - Api", "{B2D67CED-7B13-4849-9481-6748519BBD4E}"
EndProject
Global
	GlobalSection(SolutionConfigurationPlatforms) = preSolution
		Debug|Any CPU = Debug|Any CPU
		Debug|ARM = Debug|ARM
		Debug|ARM64 = Debug|ARM64
		Debug|x64 = Debug|x64
		Debug|x86 = Debug|x86
		Release|Any CPU = Release|Any CPU
		Release|ARM = Release|ARM
		Release|ARM64 = Release|ARM64
		Release|x64 = Release|x64
		Release|x86 = Release|x86
	EndGlobalSection
	GlobalSection(ProjectConfigurationPlatforms) = postSolution
		{366FD1B9-96D8-4540-A664-028C1A8EE8AF}.Debug|Any CPU.ActiveCfg = Debug|Any CPU
		{366FD1B9-96D8-4540-A664-028C1A8EE8AF}.Debug|Any CPU.Build.0 = Debug|Any CPU
		{366FD1B9-96D8-4540-A664-028C1A8EE8AF}.Debug|ARM.ActiveCfg = Debug|Any CPU
		{366FD1B9-96D8-4540-A664-028C1A8EE8AF}.Debug|ARM.Build.0 = Debug|Any CPU
		{366FD1B9-96D8-4540-A664-028C1A8EE8AF}.Debug|ARM64.ActiveCfg = Debug|Any CPU
		{366FD1B9-96D8-4540-A664-028C1A8EE8AF}.Debug|ARM64.Build.0 = Debug|Any CPU
		{366FD1B9-96D8-4540-A664-028C1A8EE8AF}.Debug|x64.ActiveCfg = Debug|Any CPU
		{366FD1B9-96D8-4540-A664-028C1A8EE8AF}.Debug|x64.Build.0 = Debug|Any CPU
		{366FD1B9-96D8-4540-A664-028C1A8EE8AF}.Debug|x86.ActiveCfg = Debug|Any CPU
		{366FD1B9-96D8-4540-A664-028C1A8EE8AF}.Debug|x86.Build.0 = Debug|Any CPU
		{366FD1B9-96D8-4540-A664-028C1A8EE8AF}.Release|Any CPU.ActiveCfg = Release|Any CPU
		{366FD1B9-96D8-4540-A664-028C1A8EE8AF}.Release|Any CPU.Build.0 = Release|Any CPU
		{366FD1B9-96D8-4540-A664-028C1A8EE8AF}.Release|ARM.ActiveCfg = Release|Any CPU
		{366FD1B9-96D8-4540-A664-028C1A8EE8AF}.Release|ARM.Build.0 = Release|Any CPU
		{366FD1B9-96D8-4540-A664-028C1A8EE8AF}.Release|ARM64.ActiveCfg = Release|Any CPU
		{366FD1B9-96D8-4540-A664-028C1A8EE8AF}.Release|ARM64.Build.0 = Release|Any CPU
		{366FD1B9-96D8-4540-A664-028C1A8EE8AF}.Release|x64.ActiveCfg = Release|Any CPU
		{366FD1B9-96D8-4540-A664-028C1A8EE8AF}.Release|x64.Build.0 = Release|Any CPU
		{366FD1B9-96D8-4540-A664-028C1A8EE8AF}.Release|x86.ActiveCfg = Release|Any CPU
		{366FD1B9-96D8-4540-A664-028C1A8EE8AF}.Release|x86.Build.0 = Release|Any CPU
		{6425F0BB-7845-47EB-81C1-E27E0BBF12BB}.Debug|Any CPU.ActiveCfg = Debug|Any CPU
		{6425F0BB-7845-47EB-81C1-E27E0BBF12BB}.Debug|Any CPU.Build.0 = Debug|Any CPU
		{6425F0BB-7845-47EB-81C1-E27E0BBF12BB}.Debug|ARM.ActiveCfg = Debug|Any CPU
		{6425F0BB-7845-47EB-81C1-E27E0BBF12BB}.Debug|ARM.Build.0 = Debug|Any CPU
		{6425F0BB-7845-47EB-81C1-E27E0BBF12BB}.Debug|ARM64.ActiveCfg = Debug|Any CPU
		{6425F0BB-7845-47EB-81C1-E27E0BBF12BB}.Debug|ARM64.Build.0 = Debug|Any CPU
		{6425F0BB-7845-47EB-81C1-E27E0BBF12BB}.Debug|x64.ActiveCfg = Debug|Any CPU
		{6425F0BB-7845-47EB-81C1-E27E0BBF12BB}.Debug|x64.Build.0 = Debug|Any CPU
		{6425F0BB-7845-47EB-81C1-E27E0BBF12BB}.Debug|x86.ActiveCfg = Debug|Any CPU
		{6425F0BB-7845-47EB-81C1-E27E0BBF12BB}.Debug|x86.Build.0 = Debug|Any CPU
		{6425F0BB-7845-47EB-81C1-E27E0BBF12BB}.Release|Any CPU.ActiveCfg = Release|Any CPU
		{6425F0BB-7845-47EB-81C1-E27E0BBF12BB}.Release|Any CPU.Build.0 = Release|Any CPU
		{6425F0BB-7845-47EB-81C1-E27E0BBF12BB}.Release|ARM.ActiveCfg = Release|Any CPU
		{6425F0BB-7845-47EB-81C1-E27E0BBF12BB}.Release|ARM.Build.0 = Release|Any CPU
		{6425F0BB-7845-47EB-81C1-E27E0BBF12BB}.Release|ARM64.ActiveCfg = Release|Any CPU
		{6425F0BB-7845-47EB-81C1-E27E0BBF12BB}.Release|ARM64.Build.0 = Release|Any CPU
		{6425F0BB-7845-47EB-81C1-E27E0BBF12BB}.Release|x64.ActiveCfg = Release|Any CPU
		{6425F0BB-7845-47EB-81C1-E27E0BBF12BB}.Release|x64.Build.0 = Release|Any CPU
		{6425F0BB-7845-47EB-81C1-E27E0BBF12BB}.Release|x86.ActiveCfg = Release|Any CPU
		{6425F0BB-7845-47EB-81C1-E27E0BBF12BB}.Release|x86.Build.0 = Release|Any CPU
		{DF692644-3A0F-4CEA-8C5A-E0FDFC411314}.Debug|Any CPU.ActiveCfg = Debug|Any CPU
		{DF692644-3A0F-4CEA-8C5A-E0FDFC411314}.Debug|Any CPU.Build.0 = Debug|Any CPU
		{DF692644-3A0F-4CEA-8C5A-E0FDFC411314}.Debug|ARM.ActiveCfg = Debug|Any CPU
		{DF692644-3A0F-4CEA-8C5A-E0FDFC411314}.Debug|ARM.Build.0 = Debug|Any CPU
		{DF692644-3A0F-4CEA-8C5A-E0FDFC411314}.Debug|ARM64.ActiveCfg = Debug|Any CPU
		{DF692644-3A0F-4CEA-8C5A-E0FDFC411314}.Debug|ARM64.Build.0 = Debug|Any CPU
		{DF692644-3A0F-4CEA-8C5A-E0FDFC411314}.Debug|x64.ActiveCfg = Debug|Any CPU
		{DF692644-3A0F-4CEA-8C5A-E0FDFC411314}.Debug|x64.Build.0 = Debug|Any CPU
		{DF692644-3A0F-4CEA-8C5A-E0FDFC411314}.Debug|x86.ActiveCfg = Debug|Any CPU
		{DF692644-3A0F-4CEA-8C5A-E0FDFC411314}.Debug|x86.Build.0 = Debug|Any CPU
		{DF692644-3A0F-4CEA-8C5A-E0FDFC411314}.Release|Any CPU.ActiveCfg = Release|Any CPU
		{DF692644-3A0F-4CEA-8C5A-E0FDFC411314}.Release|Any CPU.Build.0 = Release|Any CPU
		{DF692644-3A0F-4CEA-8C5A-E0FDFC411314}.Release|ARM.ActiveCfg = Release|Any CPU
		{DF692644-3A0F-4CEA-8C5A-E0FDFC411314}.Release|ARM.Build.0 = Release|Any CPU
		{DF692644-3A0F-4CEA-8C5A-E0FDFC411314}.Release|ARM64.ActiveCfg = Release|Any CPU
		{DF692644-3A0F-4CEA-8C5A-E0FDFC411314}.Release|ARM64.Build.0 = Release|Any CPU
		{DF692644-3A0F-4CEA-8C5A-E0FDFC411314}.Release|x64.ActiveCfg = Release|Any CPU
		{DF692644-3A0F-4CEA-8C5A-E0FDFC411314}.Release|x64.Build.0 = Release|Any CPU
		{DF692644-3A0F-4CEA-8C5A-E0FDFC411314}.Release|x86.ActiveCfg = Release|Any CPU
		{DF692644-3A0F-4CEA-8C5A-E0FDFC411314}.Release|x86.Build.0 = Release|Any CPU
		{DB509BDA-9B25-4BBA-AE1C-2A8224CEBE8A}.Debug|Any CPU.ActiveCfg = Debug|Any CPU
		{DB509BDA-9B25-4BBA-AE1C-2A8224CEBE8A}.Debug|Any CPU.Build.0 = Debug|Any CPU
		{DB509BDA-9B25-4BBA-AE1C-2A8224CEBE8A}.Debug|ARM.ActiveCfg = Debug|Any CPU
		{DB509BDA-9B25-4BBA-AE1C-2A8224CEBE8A}.Debug|ARM.Build.0 = Debug|Any CPU
		{DB509BDA-9B25-4BBA-AE1C-2A8224CEBE8A}.Debug|ARM64.ActiveCfg = Debug|Any CPU
		{DB509BDA-9B25-4BBA-AE1C-2A8224CEBE8A}.Debug|ARM64.Build.0 = Debug|Any CPU
		{DB509BDA-9B25-4BBA-AE1C-2A8224CEBE8A}.Debug|x64.ActiveCfg = Debug|Any CPU
		{DB509BDA-9B25-4BBA-AE1C-2A8224CEBE8A}.Debug|x64.Build.0 = Debug|Any CPU
		{DB509BDA-9B25-4BBA-AE1C-2A8224CEBE8A}.Debug|x86.ActiveCfg = Debug|Any CPU
		{DB509BDA-9B25-4BBA-AE1C-2A8224CEBE8A}.Debug|x86.Build.0 = Debug|Any CPU
		{DB509BDA-9B25-4BBA-AE1C-2A8224CEBE8A}.Release|Any CPU.ActiveCfg = Release|Any CPU
		{DB509BDA-9B25-4BBA-AE1C-2A8224CEBE8A}.Release|Any CPU.Build.0 = Release|Any CPU
		{DB509BDA-9B25-4BBA-AE1C-2A8224CEBE8A}.Release|ARM.ActiveCfg = Release|Any CPU
		{DB509BDA-9B25-4BBA-AE1C-2A8224CEBE8A}.Release|ARM.Build.0 = Release|Any CPU
		{DB509BDA-9B25-4BBA-AE1C-2A8224CEBE8A}.Release|ARM64.ActiveCfg = Release|Any CPU
		{DB509BDA-9B25-4BBA-AE1C-2A8224CEBE8A}.Release|ARM64.Build.0 = Release|Any CPU
		{DB509BDA-9B25-4BBA-AE1C-2A8224CEBE8A}.Release|x64.ActiveCfg = Release|Any CPU
		{DB509BDA-9B25-4BBA-AE1C-2A8224CEBE8A}.Release|x64.Build.0 = Release|Any CPU
		{DB509BDA-9B25-4BBA-AE1C-2A8224CEBE8A}.Release|x86.ActiveCfg = Release|Any CPU
		{DB509BDA-9B25-4BBA-AE1C-2A8224CEBE8A}.Release|x86.Build.0 = Release|Any CPU
		{375752A2-FFFF-49DD-9402-37235740D111}.Debug|Any CPU.ActiveCfg = Debug|Any CPU
		{375752A2-FFFF-49DD-9402-37235740D111}.Debug|Any CPU.Build.0 = Debug|Any CPU
		{375752A2-FFFF-49DD-9402-37235740D111}.Debug|ARM.ActiveCfg = Debug|Any CPU
		{375752A2-FFFF-49DD-9402-37235740D111}.Debug|ARM.Build.0 = Debug|Any CPU
		{375752A2-FFFF-49DD-9402-37235740D111}.Debug|ARM64.ActiveCfg = Debug|Any CPU
		{375752A2-FFFF-49DD-9402-37235740D111}.Debug|ARM64.Build.0 = Debug|Any CPU
		{375752A2-FFFF-49DD-9402-37235740D111}.Debug|x64.ActiveCfg = Debug|Any CPU
		{375752A2-FFFF-49DD-9402-37235740D111}.Debug|x64.Build.0 = Debug|Any CPU
		{375752A2-FFFF-49DD-9402-37235740D111}.Debug|x86.ActiveCfg = Debug|Any CPU
		{375752A2-FFFF-49DD-9402-37235740D111}.Debug|x86.Build.0 = Debug|Any CPU
		{375752A2-FFFF-49DD-9402-37235740D111}.Release|Any CPU.ActiveCfg = Release|Any CPU
		{375752A2-FFFF-49DD-9402-37235740D111}.Release|Any CPU.Build.0 = Release|Any CPU
		{375752A2-FFFF-49DD-9402-37235740D111}.Release|ARM.ActiveCfg = Release|Any CPU
		{375752A2-FFFF-49DD-9402-37235740D111}.Release|ARM.Build.0 = Release|Any CPU
		{375752A2-FFFF-49DD-9402-37235740D111}.Release|ARM64.ActiveCfg = Release|Any CPU
		{375752A2-FFFF-49DD-9402-37235740D111}.Release|ARM64.Build.0 = Release|Any CPU
		{375752A2-FFFF-49DD-9402-37235740D111}.Release|x64.ActiveCfg = Release|Any CPU
		{375752A2-FFFF-49DD-9402-37235740D111}.Release|x64.Build.0 = Release|Any CPU
		{375752A2-FFFF-49DD-9402-37235740D111}.Release|x86.ActiveCfg = Release|Any CPU
		{375752A2-FFFF-49DD-9402-37235740D111}.Release|x86.Build.0 = Release|Any CPU
		{3FEA10AC-A757-4308-B8F0-09F63050CC18}.Debug|Any CPU.ActiveCfg = Debug|Any CPU
		{3FEA10AC-A757-4308-B8F0-09F63050CC18}.Debug|Any CPU.Build.0 = Debug|Any CPU
		{3FEA10AC-A757-4308-B8F0-09F63050CC18}.Debug|ARM.ActiveCfg = Debug|Any CPU
		{3FEA10AC-A757-4308-B8F0-09F63050CC18}.Debug|ARM.Build.0 = Debug|Any CPU
		{3FEA10AC-A757-4308-B8F0-09F63050CC18}.Debug|ARM64.ActiveCfg = Debug|Any CPU
		{3FEA10AC-A757-4308-B8F0-09F63050CC18}.Debug|ARM64.Build.0 = Debug|Any CPU
		{3FEA10AC-A757-4308-B8F0-09F63050CC18}.Debug|x64.ActiveCfg = Debug|Any CPU
		{3FEA10AC-A757-4308-B8F0-09F63050CC18}.Debug|x64.Build.0 = Debug|Any CPU
		{3FEA10AC-A757-4308-B8F0-09F63050CC18}.Debug|x86.ActiveCfg = Debug|Any CPU
		{3FEA10AC-A757-4308-B8F0-09F63050CC18}.Debug|x86.Build.0 = Debug|Any CPU
		{3FEA10AC-A757-4308-B8F0-09F63050CC18}.Release|Any CPU.ActiveCfg = Release|Any CPU
		{3FEA10AC-A757-4308-B8F0-09F63050CC18}.Release|Any CPU.Build.0 = Release|Any CPU
		{3FEA10AC-A757-4308-B8F0-09F63050CC18}.Release|ARM.ActiveCfg = Release|Any CPU
		{3FEA10AC-A757-4308-B8F0-09F63050CC18}.Release|ARM.Build.0 = Release|Any CPU
		{3FEA10AC-A757-4308-B8F0-09F63050CC18}.Release|ARM64.ActiveCfg = Release|Any CPU
		{3FEA10AC-A757-4308-B8F0-09F63050CC18}.Release|ARM64.Build.0 = Release|Any CPU
		{3FEA10AC-A757-4308-B8F0-09F63050CC18}.Release|x64.ActiveCfg = Release|Any CPU
		{3FEA10AC-A757-4308-B8F0-09F63050CC18}.Release|x64.Build.0 = Release|Any CPU
		{3FEA10AC-A757-4308-B8F0-09F63050CC18}.Release|x86.ActiveCfg = Release|Any CPU
		{3FEA10AC-A757-4308-B8F0-09F63050CC18}.Release|x86.Build.0 = Release|Any CPU
		{B93D5CB8-DB49-46E7-8215-018F6C9AD567}.Debug|Any CPU.ActiveCfg = Debug|Any CPU
		{B93D5CB8-DB49-46E7-8215-018F6C9AD567}.Debug|Any CPU.Build.0 = Debug|Any CPU
		{B93D5CB8-DB49-46E7-8215-018F6C9AD567}.Debug|ARM.ActiveCfg = Debug|Any CPU
		{B93D5CB8-DB49-46E7-8215-018F6C9AD567}.Debug|ARM.Build.0 = Debug|Any CPU
		{B93D5CB8-DB49-46E7-8215-018F6C9AD567}.Debug|ARM64.ActiveCfg = Debug|Any CPU
		{B93D5CB8-DB49-46E7-8215-018F6C9AD567}.Debug|ARM64.Build.0 = Debug|Any CPU
		{B93D5CB8-DB49-46E7-8215-018F6C9AD567}.Debug|x64.ActiveCfg = Debug|Any CPU
		{B93D5CB8-DB49-46E7-8215-018F6C9AD567}.Debug|x64.Build.0 = Debug|Any CPU
		{B93D5CB8-DB49-46E7-8215-018F6C9AD567}.Debug|x86.ActiveCfg = Debug|Any CPU
		{B93D5CB8-DB49-46E7-8215-018F6C9AD567}.Debug|x86.Build.0 = Debug|Any CPU
		{B93D5CB8-DB49-46E7-8215-018F6C9AD567}.Release|Any CPU.ActiveCfg = Release|Any CPU
		{B93D5CB8-DB49-46E7-8215-018F6C9AD567}.Release|Any CPU.Build.0 = Release|Any CPU
		{B93D5CB8-DB49-46E7-8215-018F6C9AD567}.Release|ARM.ActiveCfg = Release|Any CPU
		{B93D5CB8-DB49-46E7-8215-018F6C9AD567}.Release|ARM.Build.0 = Release|Any CPU
		{B93D5CB8-DB49-46E7-8215-018F6C9AD567}.Release|ARM64.ActiveCfg = Release|Any CPU
		{B93D5CB8-DB49-46E7-8215-018F6C9AD567}.Release|ARM64.Build.0 = Release|Any CPU
		{B93D5CB8-DB49-46E7-8215-018F6C9AD567}.Release|x64.ActiveCfg = Release|Any CPU
		{B93D5CB8-DB49-46E7-8215-018F6C9AD567}.Release|x64.Build.0 = Release|Any CPU
		{B93D5CB8-DB49-46E7-8215-018F6C9AD567}.Release|x86.ActiveCfg = Release|Any CPU
		{B93D5CB8-DB49-46E7-8215-018F6C9AD567}.Release|x86.Build.0 = Release|Any CPU
	EndGlobalSection
	GlobalSection(SolutionProperties) = preSolution
		HideSolutionNode = FALSE
	EndGlobalSection
	GlobalSection(NestedProjects) = preSolution
		{366FD1B9-96D8-4540-A664-028C1A8EE8AF} = {B2D67CED-7B13-4849-9481-6748519BBD4E}
		{6425F0BB-7845-47EB-81C1-E27E0BBF12BB} = {833F0608-7391-4D70-94AD-2E2AC8E1C1FF}
		{DF692644-3A0F-4CEA-8C5A-E0FDFC411314} = {B2D67CED-7B13-4849-9481-6748519BBD4E}
		{375752A2-FFFF-49DD-9402-37235740D111} = {53991B11-AC77-469F-8C63-33FAAACDB3DD}
		{3FEA10AC-A757-4308-B8F0-09F63050CC18} = {7AE30795-4D08-4697-BA2B-5955D0757FFF}
		{B93D5CB8-DB49-46E7-8215-018F6C9AD567} = {C87A0FCB-1737-4101-B36A-9253F4A10065}
	EndGlobalSection
	GlobalSection(ExtensibilityGlobals) = postSolution
		SolutionGuid = {59B04B26-0B15-48C1-A784-81142BF11EE7}
	EndGlobalSection
EndGlobal
