
Microsoft Visual Studio Solution File, Format Version 12.00
# Visual Studio Version 17
VisualStudioVersion = 17.0.32112.339
MinimumVisualStudioVersion = 10.0.40219.1
Project("{2150E333-8FDC-42A3-9474-1A3956D46DE8}") = "1 - Application", "1 - Application", "{C8998EAC-1648-47C1-BF93-0126AC79FA35}"
EndProject
Project("{2150E333-8FDC-42A3-9474-1A3956D46DE8}") = "2 - Domain", "2 - Domain", "{A31EBD86-66E9-4A8B-9EAE-79A49E495FBD}"
EndProject
Project("{2150E333-8FDC-42A3-9474-1A3956D46DE8}") = "4 - Infra", "4 - Infra", "{CEF5C18A-54C7-4657-B46D-9E6AB708ED49}"
EndProject
Project("{9A19103F-16F7-4668-BE54-9A1E7A4F7556}") = "Coodesh.Back.End.Challenge2021.CSharp.Api", "Api\Coodesh.Back.End.Challenge2021.CSharp.Api.csproj", "{71348C89-5A0E-4B6F-9EA3-94282C82A1BB}"
EndProject
Project("{2150E333-8FDC-42A3-9474-1A3956D46DE8}") = "3 - Service", "3 - Service", "{7F6DCA74-B78A-4B6F-9BD0-7960CE9495B8}"
EndProject
Project("{9A19103F-16F7-4668-BE54-9A1E7A4F7556}") = "Coodesh.Back.End.Challenge2021.CSharp.Domain", "Domain\Coodesh.Back.End.Challenge2021.CSharp.Domain.csproj", "{0EA8B5D3-AC2C-4016-86FD-BBDB769D4E4B}"
EndProject
Project("{9A19103F-16F7-4668-BE54-9A1E7A4F7556}") = "Coodesh.Back.End.Challenge2021.CSharp.Infra", "Infra\Coodesh.Back.End.Challenge2021.CSharp.Infra.csproj", "{DA45514E-7C26-43DA-92A5-32128A9BE112}"
EndProject
Project("{9A19103F-16F7-4668-BE54-9A1E7A4F7556}") = "Coodesh.Back.End.Challenge2021.CSharp.Service", "Service\Coodesh.Back.End.Challenge2021.CSharp.Service.csproj", "{FF152B38-E8B6-4B67-9A40-21670EBBB016}"
EndProject
Project("{9A19103F-16F7-4668-BE54-9A1E7A4F7556}") = "Coodesh.Back.End.Challenge2021.CSharp.Cron", "Cron\Coodesh.Back.End.Challenge2021.CSharp.Cron.csproj", "{644C7D13-E519-474E-B26A-C01EA035A5CA}"
EndProject
Project("{9A19103F-16F7-4668-BE54-9A1E7A4F7556}") = "Coodesh.Back.End.Challenge2021.CSharp.Test", "Test\Coodesh.Back.End.Challenge2021.CSharp.Test.csproj", "{565170FB-A304-420C-A740-2CDED371B4EA}"
EndProject
Global
	GlobalSection(SolutionConfigurationPlatforms) = preSolution
		Debug|Any CPU = Debug|Any CPU
		Release|Any CPU = Release|Any CPU
	EndGlobalSection
	GlobalSection(ProjectConfigurationPlatforms) = postSolution
		{71348C89-5A0E-4B6F-9EA3-94282C82A1BB}.Debug|Any CPU.ActiveCfg = Debug|Any CPU
		{71348C89-5A0E-4B6F-9EA3-94282C82A1BB}.Debug|Any CPU.Build.0 = Debug|Any CPU
		{71348C89-5A0E-4B6F-9EA3-94282C82A1BB}.Release|Any CPU.ActiveCfg = Release|Any CPU
		{71348C89-5A0E-4B6F-9EA3-94282C82A1BB}.Release|Any CPU.Build.0 = Release|Any CPU
		{0EA8B5D3-AC2C-4016-86FD-BBDB769D4E4B}.Debug|Any CPU.ActiveCfg = Debug|Any CPU
		{0EA8B5D3-AC2C-4016-86FD-BBDB769D4E4B}.Debug|Any CPU.Build.0 = Debug|Any CPU
		{0EA8B5D3-AC2C-4016-86FD-BBDB769D4E4B}.Release|Any CPU.ActiveCfg = Release|Any CPU
		{0EA8B5D3-AC2C-4016-86FD-BBDB769D4E4B}.Release|Any CPU.Build.0 = Release|Any CPU
		{DA45514E-7C26-43DA-92A5-32128A9BE112}.Debug|Any CPU.ActiveCfg = Debug|Any CPU
		{DA45514E-7C26-43DA-92A5-32128A9BE112}.Debug|Any CPU.Build.0 = Debug|Any CPU
		{DA45514E-7C26-43DA-92A5-32128A9BE112}.Release|Any CPU.ActiveCfg = Release|Any CPU
		{DA45514E-7C26-43DA-92A5-32128A9BE112}.Release|Any CPU.Build.0 = Release|Any CPU
		{FF152B38-E8B6-4B67-9A40-21670EBBB016}.Debug|Any CPU.ActiveCfg = Debug|Any CPU
		{FF152B38-E8B6-4B67-9A40-21670EBBB016}.Debug|Any CPU.Build.0 = Debug|Any CPU
		{FF152B38-E8B6-4B67-9A40-21670EBBB016}.Release|Any CPU.ActiveCfg = Release|Any CPU
		{FF152B38-E8B6-4B67-9A40-21670EBBB016}.Release|Any CPU.Build.0 = Release|Any CPU
		{644C7D13-E519-474E-B26A-C01EA035A5CA}.Debug|Any CPU.ActiveCfg = Debug|Any CPU
		{644C7D13-E519-474E-B26A-C01EA035A5CA}.Debug|Any CPU.Build.0 = Debug|Any CPU
		{644C7D13-E519-474E-B26A-C01EA035A5CA}.Release|Any CPU.ActiveCfg = Release|Any CPU
		{644C7D13-E519-474E-B26A-C01EA035A5CA}.Release|Any CPU.Build.0 = Release|Any CPU
		{565170FB-A304-420C-A740-2CDED371B4EA}.Debug|Any CPU.ActiveCfg = Debug|Any CPU
		{565170FB-A304-420C-A740-2CDED371B4EA}.Debug|Any CPU.Build.0 = Debug|Any CPU
		{565170FB-A304-420C-A740-2CDED371B4EA}.Release|Any CPU.ActiveCfg = Release|Any CPU
		{565170FB-A304-420C-A740-2CDED371B4EA}.Release|Any CPU.Build.0 = Release|Any CPU
	EndGlobalSection
	GlobalSection(SolutionProperties) = preSolution
		HideSolutionNode = FALSE
	EndGlobalSection
	GlobalSection(NestedProjects) = preSolution
		{71348C89-5A0E-4B6F-9EA3-94282C82A1BB} = {C8998EAC-1648-47C1-BF93-0126AC79FA35}
		{0EA8B5D3-AC2C-4016-86FD-BBDB769D4E4B} = {A31EBD86-66E9-4A8B-9EAE-79A49E495FBD}
		{DA45514E-7C26-43DA-92A5-32128A9BE112} = {CEF5C18A-54C7-4657-B46D-9E6AB708ED49}
		{FF152B38-E8B6-4B67-9A40-21670EBBB016} = {7F6DCA74-B78A-4B6F-9BD0-7960CE9495B8}
		{644C7D13-E519-474E-B26A-C01EA035A5CA} = {C8998EAC-1648-47C1-BF93-0126AC79FA35}
	EndGlobalSection
	GlobalSection(ExtensibilityGlobals) = postSolution
		SolutionGuid = {00E22CFA-2F63-4120-B758-3562AD4D209B}
	EndGlobalSection
EndGlobal
